
Microsoft Visual Studio Solution File, Format Version 12.00
# Visual Studio 15
VisualStudioVersion = 15.0.28307.168
MinimumVisualStudioVersion = 10.0.40219.1
Project("{8BC9CEB8-8B4A-11D0-8D11-00A0C91BC942}") = "HEW", "HEW\HEW.vcxproj", "{D8918848-A8C0-4F52-9E8D-797691ED866E}"
EndProject
Global
	GlobalSection(SolutionConfigurationPlatforms) = preSolution
		Debug|x64 = Debug|x64
		Debug|x86 = Debug|x86
		Release|x64 = Release|x64
		Release|x86 = Release|x86
	EndGlobalSection
	GlobalSection(ProjectConfigurationPlatforms) = postSolution
		{D8918848-A8C0-4F52-9E8D-797691ED866E}.Debug|x64.ActiveCfg = Debug|x64
		{D8918848-A8C0-4F52-9E8D-797691ED866E}.Debug|x64.Build.0 = Debug|x64
		{D8918848-A8C0-4F52-9E8D-797691ED866E}.Debug|x86.ActiveCfg = Debug|Win32
		{D8918848-A8C0-4F52-9E8D-797691ED866E}.Debug|x86.Build.0 = Debug|Win32
		{D8918848-A8C0-4F52-9E8D-797691ED866E}.Release|x64.ActiveCfg = Release|x64
		{D8918848-A8C0-4F52-9E8D-797691ED866E}.Release|x64.Build.0 = Release|x64
		{D8918848-A8C0-4F52-9E8D-797691ED866E}.Release|x86.ActiveCfg = Release|Win32
		{D8918848-A8C0-4F52-9E8D-797691ED866E}.Release|x86.Build.0 = Release|Win32
	EndGlobalSection
	GlobalSection(SolutionProperties) = preSolution
		HideSolutionNode = FALSE
	EndGlobalSection
	GlobalSection(ExtensibilityGlobals) = postSolution
		SolutionGuid = {9EE3B88A-846D-4934-A894-B41B17F1EB6F}
	EndGlobalSection
EndGlobal
